
Microsoft Visual Studio Solution File, Format Version 12.00
# Visual Studio Version 17
VisualStudioVersion = 17.3.32901.215
MinimumVisualStudioVersion = 10.0.40219.1
Project("{FAE04EC0-301F-11D3-BF4B-00C04F79EFBC}") = "RegEX03", "RegEX03\RegEX03.csproj", "{DC90ED5D-18B1-4417-BBEE-ACB8C2A8F672}"
EndProject
Global
	GlobalSection(SolutionConfigurationPlatforms) = preSolution
		Debug|Any CPU = Debug|Any CPU
		Release|Any CPU = Release|Any CPU
	EndGlobalSection
	GlobalSection(ProjectConfigurationPlatforms) = postSolution
		{DC90ED5D-18B1-4417-BBEE-ACB8C2A8F672}.Debug|Any CPU.ActiveCfg = Debug|Any CPU
		{DC90ED5D-18B1-4417-BBEE-ACB8C2A8F672}.Debug|Any CPU.Build.0 = Debug|Any CPU
		{DC90ED5D-18B1-4417-BBEE-ACB8C2A8F672}.Release|Any CPU.ActiveCfg = Release|Any CPU
		{DC90ED5D-18B1-4417-BBEE-ACB8C2A8F672}.Release|Any CPU.Build.0 = Release|Any CPU
	EndGlobalSection
	GlobalSection(SolutionProperties) = preSolution
		HideSolutionNode = FALSE
	EndGlobalSection
	GlobalSection(ExtensibilityGlobals) = postSolution
		SolutionGuid = {3E8FA009-76FC-40B8-905C-FC8D8EB66842}
	EndGlobalSection
EndGlobal
