
Microsoft Visual Studio Solution File, Format Version 12.00
# Visual Studio Version 17
VisualStudioVersion = 17.3.32901.215
MinimumVisualStudioVersion = 10.0.40219.1
Project("{FAE04EC0-301F-11D3-BF4B-00C04F79EFBC}") = "RegEX04", "RegEX04\RegEX04.csproj", "{1C8B47D9-CA48-4BA2-8AAB-A26119E5824C}"
EndProject
Global
	GlobalSection(SolutionConfigurationPlatforms) = preSolution
		Debug|Any CPU = Debug|Any CPU
		Release|Any CPU = Release|Any CPU
	EndGlobalSection
	GlobalSection(ProjectConfigurationPlatforms) = postSolution
		{1C8B47D9-CA48-4BA2-8AAB-A26119E5824C}.Debug|Any CPU.ActiveCfg = Debug|Any CPU
		{1C8B47D9-CA48-4BA2-8AAB-A26119E5824C}.Debug|Any CPU.Build.0 = Debug|Any CPU
		{1C8B47D9-CA48-4BA2-8AAB-A26119E5824C}.Release|Any CPU.ActiveCfg = Release|Any CPU
		{1C8B47D9-CA48-4BA2-8AAB-A26119E5824C}.Release|Any CPU.Build.0 = Release|Any CPU
	EndGlobalSection
	GlobalSection(SolutionProperties) = preSolution
		HideSolutionNode = FALSE
	EndGlobalSection
	GlobalSection(ExtensibilityGlobals) = postSolution
		SolutionGuid = {7F126744-0368-48A1-BE53-C356A6E0B1AB}
	EndGlobalSection
EndGlobal
