
Microsoft Visual Studio Solution File, Format Version 12.00
# Visual Studio Version 17
VisualStudioVersion = 17.3.32901.215
MinimumVisualStudioVersion = 10.0.40219.1
Project("{FAE04EC0-301F-11D3-BF4B-00C04F79EFBC}") = "RegEX02", "RegEX02\RegEX02.csproj", "{B39C877C-ACA1-4F4B-8AC9-51691EF2F1E7}"
EndProject
Global
	GlobalSection(SolutionConfigurationPlatforms) = preSolution
		Debug|Any CPU = Debug|Any CPU
		Release|Any CPU = Release|Any CPU
	EndGlobalSection
	GlobalSection(ProjectConfigurationPlatforms) = postSolution
		{B39C877C-ACA1-4F4B-8AC9-51691EF2F1E7}.Debug|Any CPU.ActiveCfg = Debug|Any CPU
		{B39C877C-ACA1-4F4B-8AC9-51691EF2F1E7}.Debug|Any CPU.Build.0 = Debug|Any CPU
		{B39C877C-ACA1-4F4B-8AC9-51691EF2F1E7}.Release|Any CPU.ActiveCfg = Release|Any CPU
		{B39C877C-ACA1-4F4B-8AC9-51691EF2F1E7}.Release|Any CPU.Build.0 = Release|Any CPU
	EndGlobalSection
	GlobalSection(SolutionProperties) = preSolution
		HideSolutionNode = FALSE
	EndGlobalSection
	GlobalSection(ExtensibilityGlobals) = postSolution
		SolutionGuid = {B82B808C-CA62-4C0F-BFF9-8B4FFE20F24D}
	EndGlobalSection
EndGlobal
