
Microsoft Visual Studio Solution File, Format Version 12.00
# Visual Studio Version 17
VisualStudioVersion = 17.3.32901.215
MinimumVisualStudioVersion = 10.0.40219.1
Project("{FAE04EC0-301F-11D3-BF4B-00C04F79EFBC}") = "Es11 prova per verifica", "Es11 prova per verifica\Es11 prova per verifica.csproj", "{3B7F3074-AA0F-46DF-A915-AE6ACCCE1A8E}"
EndProject
Global
	GlobalSection(SolutionConfigurationPlatforms) = preSolution
		Debug|Any CPU = Debug|Any CPU
		Release|Any CPU = Release|Any CPU
	EndGlobalSection
	GlobalSection(ProjectConfigurationPlatforms) = postSolution
		{3B7F3074-AA0F-46DF-A915-AE6ACCCE1A8E}.Debug|Any CPU.ActiveCfg = Debug|Any CPU
		{3B7F3074-AA0F-46DF-A915-AE6ACCCE1A8E}.Debug|Any CPU.Build.0 = Debug|Any CPU
		{3B7F3074-AA0F-46DF-A915-AE6ACCCE1A8E}.Release|Any CPU.ActiveCfg = Release|Any CPU
		{3B7F3074-AA0F-46DF-A915-AE6ACCCE1A8E}.Release|Any CPU.Build.0 = Release|Any CPU
	EndGlobalSection
	GlobalSection(SolutionProperties) = preSolution
		HideSolutionNode = FALSE
	EndGlobalSection
	GlobalSection(ExtensibilityGlobals) = postSolution
		SolutionGuid = {1E71CD15-4284-44D3-AD5A-96A133E69792}
	EndGlobalSection
EndGlobal
