
Microsoft Visual Studio Solution File, Format Version 12.00
# Visual Studio Version 17
VisualStudioVersion = 17.3.32901.215
MinimumVisualStudioVersion = 10.0.40219.1
Project("{FAE04EC0-301F-11D3-BF4B-00C04F79EFBC}") = "cSharp_Esercizio Guidato 02", "cSharp_Esercizio Guidato 02\cSharp_Esercizio Guidato 02.csproj", "{FF443125-4874-4427-8C5D-F75455CB5CCC}"
EndProject
Global
	GlobalSection(SolutionConfigurationPlatforms) = preSolution
		Debug|Any CPU = Debug|Any CPU
		Release|Any CPU = Release|Any CPU
	EndGlobalSection
	GlobalSection(ProjectConfigurationPlatforms) = postSolution
		{FF443125-4874-4427-8C5D-F75455CB5CCC}.Debug|Any CPU.ActiveCfg = Debug|Any CPU
		{FF443125-4874-4427-8C5D-F75455CB5CCC}.Debug|Any CPU.Build.0 = Debug|Any CPU
		{FF443125-4874-4427-8C5D-F75455CB5CCC}.Release|Any CPU.ActiveCfg = Release|Any CPU
		{FF443125-4874-4427-8C5D-F75455CB5CCC}.Release|Any CPU.Build.0 = Release|Any CPU
	EndGlobalSection
	GlobalSection(SolutionProperties) = preSolution
		HideSolutionNode = FALSE
	EndGlobalSection
	GlobalSection(ExtensibilityGlobals) = postSolution
		SolutionGuid = {0AFEAEEF-4512-4881-AAED-59F591E2077C}
	EndGlobalSection
EndGlobal
