
Microsoft Visual Studio Solution File, Format Version 12.00
# Visual Studio Version 17
VisualStudioVersion = 17.3.32901.215
MinimumVisualStudioVersion = 10.0.40219.1
Project("{FAE04EC0-301F-11D3-BF4B-00C04F79EFBC}") = "cSharp_EsercizioGuidato03", "cSharp_EsercizioGuidato03\cSharp_EsercizioGuidato03.csproj", "{27753607-71F7-44CF-9A8F-35E664887FFD}"
EndProject
Global
	GlobalSection(SolutionConfigurationPlatforms) = preSolution
		Debug|Any CPU = Debug|Any CPU
		Release|Any CPU = Release|Any CPU
	EndGlobalSection
	GlobalSection(ProjectConfigurationPlatforms) = postSolution
		{27753607-71F7-44CF-9A8F-35E664887FFD}.Debug|Any CPU.ActiveCfg = Debug|Any CPU
		{27753607-71F7-44CF-9A8F-35E664887FFD}.Debug|Any CPU.Build.0 = Debug|Any CPU
		{27753607-71F7-44CF-9A8F-35E664887FFD}.Release|Any CPU.ActiveCfg = Release|Any CPU
		{27753607-71F7-44CF-9A8F-35E664887FFD}.Release|Any CPU.Build.0 = Release|Any CPU
	EndGlobalSection
	GlobalSection(SolutionProperties) = preSolution
		HideSolutionNode = FALSE
	EndGlobalSection
	GlobalSection(ExtensibilityGlobals) = postSolution
		SolutionGuid = {A0346FF6-05A5-43DC-8554-40F8442ED99E}
	EndGlobalSection
EndGlobal
